
Microsoft Visual Studio Solution File, Format Version 12.00
# Visual Studio Version 17
VisualStudioVersion = 17.5.33530.505
MinimumVisualStudioVersion = 10.0.40219.1
Project("{FAE04EC0-301F-11D3-BF4B-00C04F79EFBC}") = "Hava Kartı", "Hava Kartı\Hava Kartı.csproj", "{83647098-97A6-4169-9E6D-684E79969083}"
EndProject
Global
	GlobalSection(SolutionConfigurationPlatforms) = preSolution
		Debug|Any CPU = Debug|Any CPU
		Release|Any CPU = Release|Any CPU
	EndGlobalSection
	GlobalSection(ProjectConfigurationPlatforms) = postSolution
		{83647098-97A6-4169-9E6D-684E79969083}.Debug|Any CPU.ActiveCfg = Debug|Any CPU
		{83647098-97A6-4169-9E6D-684E79969083}.Debug|Any CPU.Build.0 = Debug|Any CPU
		{83647098-97A6-4169-9E6D-684E79969083}.Release|Any CPU.ActiveCfg = Release|Any CPU
		{83647098-97A6-4169-9E6D-684E79969083}.Release|Any CPU.Build.0 = Release|Any CPU
	EndGlobalSection
	GlobalSection(SolutionProperties) = preSolution
		HideSolutionNode = FALSE
	EndGlobalSection
	GlobalSection(ExtensibilityGlobals) = postSolution
		SolutionGuid = {658C1540-8659-4A0A-89D3-6459B5510876}
	EndGlobalSection
EndGlobal
